
Microsoft Visual Studio Solution File, Format Version 12.00
# Visual Studio Version 17
VisualStudioVersion = 17.0.32126.317
MinimumVisualStudioVersion = 10.0.40219.1
Project("{FAE04EC0-301F-11D3-BF4B-00C04F79EFBC}") = "HomeworkChecker", "HomeworkChecker\HomeworkChecker.csproj", "{6FCC615E-2866-42B1-BC6E-FF4C2658FB50}"
EndProject
Global
	GlobalSection(SolutionConfigurationPlatforms) = preSolution
		Debug|Any CPU = Debug|Any CPU
		Release|Any CPU = Release|Any CPU
	EndGlobalSection
	GlobalSection(ProjectConfigurationPlatforms) = postSolution
		{6FCC615E-2866-42B1-BC6E-FF4C2658FB50}.Debug|Any CPU.ActiveCfg = Debug|Any CPU
		{6FCC615E-2866-42B1-BC6E-FF4C2658FB50}.Debug|Any CPU.Build.0 = Debug|Any CPU
		{6FCC615E-2866-42B1-BC6E-FF4C2658FB50}.Release|Any CPU.ActiveCfg = Release|Any CPU
		{6FCC615E-2866-42B1-BC6E-FF4C2658FB50}.Release|Any CPU.Build.0 = Release|Any CPU
	EndGlobalSection
	GlobalSection(SolutionProperties) = preSolution
		HideSolutionNode = FALSE
	EndGlobalSection
	GlobalSection(ExtensibilityGlobals) = postSolution
		SolutionGuid = {7667AA49-2CBD-4DF4-AD68-75B3B52F8315}
	EndGlobalSection
EndGlobal
